
Microsoft Visual Studio Solution File, Format Version 12.00
# Visual Studio Version 16
VisualStudioVersion = 16.0.30021.99
MinimumVisualStudioVersion = 10.0.40219.1
Project("{FAE04EC0-301F-11D3-BF4B-00C04F79EFBC}") = "DeployProxy", "DeployProxy\DeployProxy.csproj", "{58DCE09D-DB2B-417C-B5C5-11F4217C8D04}"
EndProject
Global
	GlobalSection(SolutionConfigurationPlatforms) = preSolution
		Debug|Any CPU = Debug|Any CPU
		Release|Any CPU = Release|Any CPU
	EndGlobalSection
	GlobalSection(ProjectConfigurationPlatforms) = postSolution
		{58DCE09D-DB2B-417C-B5C5-11F4217C8D04}.Debug|Any CPU.ActiveCfg = Debug|Any CPU
		{58DCE09D-DB2B-417C-B5C5-11F4217C8D04}.Debug|Any CPU.Build.0 = Debug|Any CPU
		{58DCE09D-DB2B-417C-B5C5-11F4217C8D04}.Release|Any CPU.ActiveCfg = Release|Any CPU
		{58DCE09D-DB2B-417C-B5C5-11F4217C8D04}.Release|Any CPU.Build.0 = Release|Any CPU
	EndGlobalSection
	GlobalSection(SolutionProperties) = preSolution
		HideSolutionNode = FALSE
	EndGlobalSection
	GlobalSection(ExtensibilityGlobals) = postSolution
		SolutionGuid = {5EC4B1DF-C37E-419C-AAD2-E1DB187C8222}
	EndGlobalSection
EndGlobal
